// !$*UTF8*$!
{
	archiveVersion = 1;
	classes = {
	};
	objectVersion = 56;
	objects = {

/* Begin PBXBuildFile section */
		2F6AEAB22A82E9BA00E0C012 /* SimpleCICDDemoApp.swift in Sources */ = {isa = PBXBuildFile; fileRef = 2F6AEAB12A82E9BA00E0C012 /* SimpleCICDDemoApp.swift */; };
		2F6AEAB42A82E9BA00E0C012 /* ContentView.swift in Sources */ = {isa = PBXBuildFile; fileRef = 2F6AEAB32A82E9BA00E0C012 /* ContentView.swift */; };
		2F6AEAB62A82E9BD00E0C012 /* Assets.xcassets in Resources */ = {isa = PBXBuildFile; fileRef = 2F6AEAB52A82E9BD00E0C012 /* Assets.xcassets */; };
		2F6AEAB92A82E9BD00E0C012 /* Preview Assets.xcassets in Resources */ = {isa = PBXBuildFile; fileRef = 2F6AEAB82A82E9BD00E0C012 /* Preview Assets.xcassets */; };
		2F6AEAC32A82E9BD00E0C012 /* SimpleCICDDemoTests.swift in Sources */ = {isa = PBXBuildFile; fileRef = 2F6AEAC22A82E9BD00E0C012 /* SimpleCICDDemoTests.swift */; };
		2F6AEACD2A82E9BD00E0C012 /* SimpleCICDDemoUITests.swift in Sources */ = {isa = PBXBuildFile; fileRef = 2F6AEACC2A82E9BD00E0C012 /* SimpleCICDDemoUITests.swift */; };
		2F6AEACF2A82E9BD00E0C012 /* SimpleCICDDemoUITestsLaunchTests.swift in Sources */ = {isa = PBXBuildFile; fileRef = 2F6AEACE2A82E9BD00E0C012 /* SimpleCICDDemoUITestsLaunchTests.swift */; };
/* End PBXBuildFile section */

/* Begin PBXContainerItemProxy section */
		2F6AEABF2A82E9BD00E0C012 /* PBXContainerItemProxy */ = {
			isa = PBXContainerItemProxy;
			containerPortal = 2F6AEAA62A82E9BA00E0C012 /* Project object */;
			proxyType = 1;
			remoteGlobalIDString = 2F6AEAAD2A82E9BA00E0C012;
			remoteInfo = SimpleCICDDemo;
		};
		2F6AEAC92A82E9BD00E0C012 /* PBXContainerItemProxy */ = {
			isa = PBXContainerItemProxy;
			containerPortal = 2F6AEAA62A82E9BA00E0C012 /* Project object */;
			proxyType = 1;
			remoteGlobalIDString = 2F6AEAAD2A82E9BA00E0C012;
			remoteInfo = SimpleCICDDemo;
		};
/* End PBXContainerItemProxy section */

/* Begin PBXFileReference section */
		2F6AEAAE2A82E9BA00E0C012 /* SimpleCICDDemo.app */ = {isa = PBXFileReference; explicitFileType = wrapper.application; includeInIndex = 0; path = SimpleCICDDemo.app; sourceTree = BUILT_PRODUCTS_DIR; };
		2F6AEAB12A82E9BA00E0C012 /* SimpleCICDDemoApp.swift */ = {isa = PBXFileReference; lastKnownFileType = sourcecode.swift; path = SimpleCICDDemoApp.swift; sourceTree = "<group>"; };
		2F6AEAB32A82E9BA00E0C012 /* ContentView.swift */ = {isa = PBXFileReference; lastKnownFileType = sourcecode.swift; path = ContentView.swift; sourceTree = "<group>"; };
		2F6AEAB52A82E9BD00E0C012 /* Assets.xcassets */ = {isa = PBXFileReference; lastKnownFileType = folder.assetcatalog; path = Assets.xcassets; sourceTree = "<group>"; };
		2F6AEAB82A82E9BD00E0C012 /* Preview Assets.xcassets */ = {isa = PBXFileReference; lastKnownFileType = folder.assetcatalog; path = "Preview Assets.xcassets"; sourceTree = "<group>"; };
		2F6AEABE2A82E9BD00E0C012 /* SimpleCICDDemoTests.xctest */ = {isa = PBXFileReference; explicitFileType = wrapper.cfbundle; includeInIndex = 0; path = SimpleCICDDemoTests.xctest; sourceTree = BUILT_PRODUCTS_DIR; };
		2F6AEAC22A82E9BD00E0C012 /* SimpleCICDDemoTests.swift */ = {isa = PBXFileReference; lastKnownFileType = sourcecode.swift; path = SimpleCICDDemoTests.swift; sourceTree = "<group>"; };
		2F6AEAC82A82E9BD00E0C012 /* SimpleCICDDemoUITests.xctest */ = {isa = PBXFileReference; explicitFileType = wrapper.cfbundle; includeInIndex = 0; path = SimpleCICDDemoUITests.xctest; sourceTree = BUILT_PRODUCTS_DIR; };
		2F6AEACC2A82E9BD00E0C012 /* SimpleCICDDemoUITests.swift */ = {isa = PBXFileReference; lastKnownFileType = sourcecode.swift; path = SimpleCICDDemoUITests.swift; sourceTree = "<group>"; };
		2F6AEACE2A82E9BD00E0C012 /* SimpleCICDDemoUITestsLaunchTests.swift */ = {isa = PBXFileReference; lastKnownFileType = sourcecode.swift; path = SimpleCICDDemoUITestsLaunchTests.swift; sourceTree = "<group>"; };
/* End PBXFileReference section */

/* Begin PBXFrameworksBuildPhase section */
		2F6AEAAB2A82E9BA00E0C012 /* Frameworks */ = {
			isa = PBXFrameworksBuildPhase;
			buildActionMask = 2147483647;
			files = (
			);
			runOnlyForDeploymentPostprocessing = 0;
		};
		2F6AEABB2A82E9BD00E0C012 /* Frameworks */ = {
			isa = PBXFrameworksBuildPhase;
			buildActionMask = 2147483647;
			files = (
			);
			runOnlyForDeploymentPostprocessing = 0;
		};
		2F6AEAC52A82E9BD00E0C012 /* Frameworks */ = {
			isa = PBXFrameworksBuildPhase;
			buildActionMask = 2147483647;
			files = (
			);
			runOnlyForDeploymentPostprocessing = 0;
		};
/* End PBXFrameworksBuildPhase section */

/* Begin PBXGroup section */
		2F6AEAA52A82E9BA00E0C012 = {
			isa = PBXGroup;
			children = (
				2F6AEAB02A82E9BA00E0C012 /* SimpleCICDDemo */,
				2F6AEAC12A82E9BD00E0C012 /* SimpleCICDDemoTests */,
				2F6AEACB2A82E9BD00E0C012 /* SimpleCICDDemoUITests */,
				2F6AEAAF2A82E9BA00E0C012 /* Products */,
			);
			sourceTree = "<group>";
		};
		2F6AEAAF2A82E9BA00E0C012 /* Products */ = {
			isa = PBXGroup;
			children = (
				2F6AEAAE2A82E9BA00E0C012 /* SimpleCICDDemo.app */,
				2F6AEABE2A82E9BD00E0C012 /* SimpleCICDDemoTests.xctest */,
				2F6AEAC82A82E9BD00E0C012 /* SimpleCICDDemoUITests.xctest */,
			);
			name = Products;
			sourceTree = "<group>";
		};
		2F6AEAB02A82E9BA00E0C012 /* SimpleCICDDemo */ = {
			isa = PBXGroup;
			children = (
				2F6AEAB12A82E9BA00E0C012 /* SimpleCICDDemoApp.swift */,
				2F6AEAB32A82E9BA00E0C012 /* ContentView.swift */,
				2F6AEAB52A82E9BD00E0C012 /* Assets.xcassets */,
				2F6AEAB72A82E9BD00E0C012 /* Preview Content */,
			);
			path = SimpleCICDDemo;
			sourceTree = "<group>";
		};
		2F6AEAB72A82E9BD00E0C012 /* Preview Content */ = {
			isa = PBXGroup;
			children = (
				2F6AEAB82A82E9BD00E0C012 /* Preview Assets.xcassets */,
			);
			path = "Preview Content";
			sourceTree = "<group>";
		};
		2F6AEAC12A82E9BD00E0C012 /* SimpleCICDDemoTests */ = {
			isa = PBXGroup;
			children = (
				2F6AEAC22A82E9BD00E0C012 /* SimpleCICDDemoTests.swift */,
			);
			path = SimpleCICDDemoTests;
			sourceTree = "<group>";
		};
		2F6AEACB2A82E9BD00E0C012 /* SimpleCICDDemoUITests */ = {
			isa = PBXGroup;
			children = (
				2F6AEACC2A82E9BD00E0C012 /* SimpleCICDDemoUITests.swift */,
				2F6AEACE2A82E9BD00E0C012 /* SimpleCICDDemoUITestsLaunchTests.swift */,
			);
			path = SimpleCICDDemoUITests;
			sourceTree = "<group>";
		};
/* End PBXGroup section */

/* Begin PBXNativeTarget section */
		2F6AEAAD2A82E9BA00E0C012 /* SimpleCICDDemo */ = {
			isa = PBXNativeTarget;
			buildConfigurationList = 2F6AEAD22A82E9BD00E0C012 /* Build configuration list for PBXNativeTarget "SimpleCICDDemo" */;
			buildPhases = (
				2F6AEAAA2A82E9BA00E0C012 /* Sources */,
				2F6AEAAB2A82E9BA00E0C012 /* Frameworks */,
				2F6AEAAC2A82E9BA00E0C012 /* Resources */,
			);
			buildRules = (
			);
			dependencies = (
			);
			name = SimpleCICDDemo;
			productName = SimpleCICDDemo;
			productReference = 2F6AEAAE2A82E9BA00E0C012 /* SimpleCICDDemo.app */;
			productType = "com.apple.product-type.application";
		};
		2F6AEABD2A82E9BD00E0C012 /* SimpleCICDDemoTests */ = {
			isa = PBXNativeTarget;
			buildConfigurationList = 2F6AEAD52A82E9BD00E0C012 /* Build configuration list for PBXNativeTarget "SimpleCICDDemoTests" */;
			buildPhases = (
				2F6AEABA2A82E9BD00E0C012 /* Sources */,
				2F6AEABB2A82E9BD00E0C012 /* Frameworks */,
				2F6AEABC2A82E9BD00E0C012 /* Resources */,
			);
			buildRules = (
			);
			dependencies = (
				2F6AEAC02A82E9BD00E0C012 /* PBXTargetDependency */,
			);
			name = SimpleCICDDemoTests;
			productName = SimpleCICDDemoTests;
			productReference = 2F6AEABE2A82E9BD00E0C012 /* SimpleCICDDemoTests.xctest */;
			productType = "com.apple.product-type.bundle.unit-test";
		};
		2F6AEAC72A82E9BD00E0C012 /* SimpleCICDDemoUITests */ = {
			isa = PBXNativeTarget;
			buildConfigurationList = 2F6AEAD82A82E9BD00E0C012 /* Build configuration list for PBXNativeTarget "SimpleCICDDemoUITests" */;
			buildPhases = (
				2F6AEAC42A82E9BD00E0C012 /* Sources */,
				2F6AEAC52A82E9BD00E0C012 /* Frameworks */,
				2F6AEAC62A82E9BD00E0C012 /* Resources */,
			);
			buildRules = (
			);
			dependencies = (
				2F6AEACA2A82E9BD00E0C012 /* PBXTargetDependency */,
			);
			name = SimpleCICDDemoUITests;
			productName = SimpleCICDDemoUITests;
			productReference = 2F6AEAC82A82E9BD00E0C012 /* SimpleCICDDemoUITests.xctest */;
			productType = "com.apple.product-type.bundle.ui-testing";
		};
/* End PBXNativeTarget section */

/* Begin PBXProject section */
		2F6AEAA62A82E9BA00E0C012 /* Project object */ = {
			isa = PBXProject;
			attributes = {
				BuildIndependentTargetsInParallel = 1;
				LastSwiftUpdateCheck = 1500;
				LastUpgradeCheck = 1500;
				TargetAttributes = {
					2F6AEAAD2A82E9BA00E0C012 = {
						CreatedOnToolsVersion = 15.0;
					};
					2F6AEABD2A82E9BD00E0C012 = {
						CreatedOnToolsVersion = 15.0;
						TestTargetID = 2F6AEAAD2A82E9BA00E0C012;
					};
					2F6AEAC72A82E9BD00E0C012 = {
						CreatedOnToolsVersion = 15.0;
						TestTargetID = 2F6AEAAD2A82E9BA00E0C012;
					};
				};
			};
			buildConfigurationList = 2F6AEAA92A82E9BA00E0C012 /* Build configuration list for PBXProject "SimpleCICDDemo" */;
			compatibilityVersion = "Xcode 14.0";
			developmentRegion = en;
			hasScannedForEncodings = 0;
			knownRegions = (
				en,
				Base,
			);
			mainGroup = 2F6AEAA52A82E9BA00E0C012;
			productRefGroup = 2F6AEAAF2A82E9BA00E0C012 /* Products */;
			projectDirPath = "";
			projectRoot = "";
			targets = (
				2F6AEAAD2A82E9BA00E0C012 /* SimpleCICDDemo */,
				2F6AEABD2A82E9BD00E0C012 /* SimpleCICDDemoTests */,
				2F6AEAC72A82E9BD00E0C012 /* SimpleCICDDemoUITests */,
			);
		};
/* End PBXProject section */

/* Begin PBXResourcesBuildPhase section */
		2F6AEAAC2A82E9BA00E0C012 /* Resources */ = {
			isa = PBXResourcesBuildPhase;
			buildActionMask = 2147483647;
			files = (
				2F6AEAB92A82E9BD00E0C012 /* Preview Assets.xcassets in Resources */,
				2F6AEAB62A82E9BD00E0C012 /* Assets.xcassets in Resources */,
			);
			runOnlyForDeploymentPostprocessing = 0;
		};
		2F6AEABC2A82E9BD00E0C012 /* Resources */ = {
			isa = PBXResourcesBuildPhase;
			buildActionMask = 2147483647;
			files = (
			);
			runOnlyForDeploymentPostprocessing = 0;
		};
		2F6AEAC62A82E9BD00E0C012 /* Resources */ = {
			isa = PBXResourcesBuildPhase;
			buildActionMask = 2147483647;
			files = (
			);
			runOnlyForDeploymentPostprocessing = 0;
		};
/* End PBXResourcesBuildPhase section */

/* Begin PBXSourcesBuildPhase section */
		2F6AEAAA2A82E9BA00E0C012 /* Sources */ = {
			isa = PBXSourcesBuildPhase;
			buildActionMask = 2147483647;
			files = (
				2F6AEAB42A82E9BA00E0C012 /* ContentView.swift in Sources */,
				2F6AEAB22A82E9BA00E0C012 /* SimpleCICDDemoApp.swift in Sources */,
			);
			runOnlyForDeploymentPostprocessing = 0;
		};
		2F6AEABA2A82E9BD00E0C012 /* Sources */ = {
			isa = PBXSourcesBuildPhase;
			buildActionMask = 2147483647;
			files = (
				2F6AEAC32A82E9BD00E0C012 /* SimpleCICDDemoTests.swift in Sources */,
			);
			runOnlyForDeploymentPostprocessing = 0;
		};
		2F6AEAC42A82E9BD00E0C012 /* Sources */ = {
			isa = PBXSourcesBuildPhase;
			buildActionMask = 2147483647;
			files = (
				2F6AEACF2A82E9BD00E0C012 /* SimpleCICDDemoUITestsLaunchTests.swift in Sources */,
				2F6AEACD2A82E9BD00E0C012 /* SimpleCICDDemoUITests.swift in Sources */,
			);
			runOnlyForDeploymentPostprocessing = 0;
		};
/* End PBXSourcesBuildPhase section */

/* Begin PBXTargetDependency section */
		2F6AEAC02A82E9BD00E0C012 /* PBXTargetDependency */ = {
			isa = PBXTargetDependency;
			target = 2F6AEAAD2A82E9BA00E0C012 /* SimpleCICDDemo */;
			targetProxy = 2F6AEABF2A82E9BD00E0C012 /* PBXContainerItemProxy */;
		};
		2F6AEACA2A82E9BD00E0C012 /* PBXTargetDependency */ = {
			isa = PBXTargetDependency;
			target = 2F6AEAAD2A82E9BA00E0C012 /* SimpleCICDDemo */;
			targetProxy = 2F6AEAC92A82E9BD00E0C012 /* PBXContainerItemProxy */;
		};
/* End PBXTargetDependency section */

/* Begin XCBuildConfiguration section */
		2F6AEAD02A82E9BD00E0C012 /* Debug */ = {
			isa = XCBuildConfiguration;
			buildSettings = {
				ALWAYS_SEARCH_USER_PATHS = NO;
				ASSETCATALOG_COMPILER_GENERATE_SWIFT_ASSET_SYMBOL_EXTENSIONS = YES;
				CLANG_ANALYZER_NONNULL = YES;
				CLANG_ANALYZER_NUMBER_OBJECT_CONVERSION = YES_AGGRESSIVE;
				CLANG_CXX_LANGUAGE_STANDARD = "gnu++20";
				CLANG_ENABLE_MODULES = YES;
				CLANG_ENABLE_OBJC_ARC = YES;
				CLANG_ENABLE_OBJC_WEAK = YES;
				CLANG_WARN_BLOCK_CAPTURE_AUTORELEASING = YES;
				CLANG_WARN_BOOL_CONVERSION = YES;
				CLANG_WARN_COMMA = YES;
				CLANG_WARN_CONSTANT_CONVERSION = YES;
				CLANG_WARN_DEPRECATED_OBJC_IMPLEMENTATIONS = YES;
				CLANG_WARN_DIRECT_OBJC_ISA_USAGE = YES_ERROR;
				CLANG_WARN_DOCUMENTATION_COMMENTS = YES;
				CLANG_WARN_EMPTY_BODY = YES;
				CLANG_WARN_ENUM_CONVERSION = YES;
				CLANG_WARN_INFINITE_RECURSION = YES;
				CLANG_WARN_INT_CONVERSION = YES;
				CLANG_WARN_NON_LITERAL_NULL_CONVERSION = YES;
				CLANG_WARN_OBJC_IMPLICIT_RETAIN_SELF = YES;
				CLANG_WARN_OBJC_LITERAL_CONVERSION = YES;
				CLANG_WARN_OBJC_ROOT_CLASS = YES_ERROR;
				CLANG_WARN_QUOTED_INCLUDE_IN_FRAMEWORK_HEADER = YES;
				CLANG_WARN_RANGE_LOOP_ANALYSIS = YES;
				CLANG_WARN_STRICT_PROTOTYPES = YES;
				CLANG_WARN_SUSPICIOUS_MOVE = YES;
				CLANG_WARN_UNGUARDED_AVAILABILITY = YES_AGGRESSIVE;
				CLANG_WARN_UNREACHABLE_CODE = YES;
				CLANG_WARN__DUPLICATE_METHOD_MATCH = YES;
				COPY_PHASE_STRIP = NO;
				DEBUG_INFORMATION_FORMAT = dwarf;
				ENABLE_STRICT_OBJC_MSGSEND = YES;
				ENABLE_TESTABILITY = YES;
				ENABLE_USER_SCRIPT_SANDBOXING = YES;
				GCC_C_LANGUAGE_STANDARD = gnu17;
				GCC_DYNAMIC_NO_PIC = NO;
				GCC_NO_COMMON_BLOCKS = YES;
				GCC_OPTIMIZATION_LEVEL = 0;
				GCC_PREPROCESSOR_DEFINITIONS = (
					"DEBUG=1",
					"$(inherited)",
				);
				GCC_WARN_64_TO_32_BIT_CONVERSION = YES;
				GCC_WARN_ABOUT_RETURN_TYPE = YES_ERROR;
				GCC_WARN_UNDECLARED_SELECTOR = YES;
				GCC_WARN_UNINITIALIZED_AUTOS = YES_AGGRESSIVE;
				GCC_WARN_UNUSED_FUNCTION = YES;
				GCC_WARN_UNUSED_VARIABLE = YES;
				IPHONEOS_DEPLOYMENT_TARGET = 17.0;
				LOCALIZATION_PREFERS_STRING_CATALOGS = YES;
				MTL_ENABLE_DEBUG_INFO = INCLUDE_SOURCE;
				MTL_FAST_MATH = YES;
				ONLY_ACTIVE_ARCH = YES;
				SDKROOT = iphoneos;
				SWIFT_ACTIVE_COMPILATION_CONDITIONS = "DEBUG $(inherited)";
				SWIFT_OPTIMIZATION_LEVEL = "-Onone";
			};
			name = Debug;
		};
		2F6AEAD12A82E9BD00E0C012 /* Release */ = {
			isa = XCBuildConfiguration;
			buildSettings = {
				ALWAYS_SEARCH_USER_PATHS = NO;
				ASSETCATALOG_COMPILER_GENERATE_SWIFT_ASSET_SYMBOL_EXTENSIONS = YES;
				CLANG_ANALYZER_NONNULL = YES;
				CLANG_ANALYZER_NUMBER_OBJECT_CONVERSION = YES_AGGRESSIVE;
				CLANG_CXX_LANGUAGE_STANDARD = "gnu++20";
				CLANG_ENABLE_MODULES = YES;
				CLANG_ENABLE_OBJC_ARC = YES;
				CLANG_ENABLE_OBJC_WEAK = YES;
				CLANG_WARN_BLOCK_CAPTURE_AUTORELEASING = YES;
				CLANG_WARN_BOOL_CONVERSION = YES;
				CLANG_WARN_COMMA = YES;
				CLANG_WARN_CONSTANT_CONVERSION = YES;
				CLANG_WARN_DEPRECATED_OBJC_IMPLEMENTATIONS = YES;
				CLANG_WARN_DIRECT_OBJC_ISA_USAGE = YES_ERROR;
				CLANG_WARN_DOCUMENTATION_COMMENTS = YES;
				CLANG_WARN_EMPTY_BODY = YES;
				CLANG_WARN_ENUM_CONVERSION = YES;
				CLANG_WARN_INFINITE_RECURSION = YES;
				CLANG_WARN_INT_CONVERSION = YES;
				CLANG_WARN_NON_LITERAL_NULL_CONVERSION = YES;
				CLANG_WARN_OBJC_IMPLICIT_RETAIN_SELF = YES;
				CLANG_WARN_OBJC_LITERAL_CONVERSION = YES;
				CLANG_WARN_OBJC_ROOT_CLASS = YES_ERROR;
				CLANG_WARN_QUOTED_INCLUDE_IN_FRAMEWORK_HEADER = YES;
				CLANG_WARN_RANGE_LOOP_ANALYSIS = YES;
				CLANG_WARN_STRICT_PROTOTYPES = YES;
				CLANG_WARN_SUSPICIOUS_MOVE = YES;
				CLANG_WARN_UNGUARDED_AVAILABILITY = YES_AGGRESSIVE;
				CLANG_WARN_UNREACHABLE_CODE = YES;
				CLANG_WARN__DUPLICATE_METHOD_MATCH = YES;
				COPY_PHASE_STRIP = NO;
				DEBUG_INFORMATION_FORMAT = "dwarf-with-dsym";
				ENABLE_NS_ASSERTIONS = NO;
				ENABLE_STRICT_OBJC_MSGSEND = YES;
				ENABLE_USER_SCRIPT_SANDBOXING = YES;
				GCC_C_LANGUAGE_STANDARD = gnu17;
				GCC_NO_COMMON_BLOCKS = YES;
				GCC_WARN_64_TO_32_BIT_CONVERSION = YES;
				GCC_WARN_ABOUT_RETURN_TYPE = YES_ERROR;
				GCC_WARN_UNDECLARED_SELECTOR = YES;
				GCC_WARN_UNINITIALIZED_AUTOS = YES_AGGRESSIVE;
				GCC_WARN_UNUSED_FUNCTION = YES;
				GCC_WARN_UNUSED_VARIABLE = YES;
				IPHONEOS_DEPLOYMENT_TARGET = 17.0;
				LOCALIZATION_PREFERS_STRING_CATALOGS = YES;
				MTL_ENABLE_DEBUG_INFO = NO;
				MTL_FAST_MATH = YES;
				SDKROOT = iphoneos;
				SWIFT_COMPILATION_MODE = wholemodule;
				VALIDATE_PRODUCT = YES;
			};
			name = Release;
		};
		2F6AEAD32A82E9BD00E0C012 /* Debug */ = {
			isa = XCBuildConfiguration;
			buildSettings = {
				ASSETCATALOG_COMPILER_APPICON_NAME = AppIcon;
				ASSETCATALOG_COMPILER_GLOBAL_ACCENT_COLOR_NAME = AccentColor;
				CODE_SIGN_STYLE = Automatic;
				CURRENT_PROJECT_VERSION = 1;
				DEVELOPMENT_ASSET_PATHS = "\"SimpleCICDDemo/Preview Content\"";
				DEVELOPMENT_TEAM = H3K34LD5MZ;
				ENABLE_PREVIEWS = YES;
				GENERATE_INFOPLIST_FILE = YES;
				INFOPLIST_KEY_UIApplicationSceneManifest_Generation = YES;
				INFOPLIST_KEY_UIApplicationSupportsIndirectInputEvents = YES;
				INFOPLIST_KEY_UILaunchScreen_Generation = YES;
				INFOPLIST_KEY_UISupportedInterfaceOrientations_iPad = "UIInterfaceOrientationPortrait UIInterfaceOrientationPortraitUpsideDown UIInterfaceOrientationLandscapeLeft UIInterfaceOrientationLandscapeRight";
				INFOPLIST_KEY_UISupportedInterfaceOrientations_iPhone = "UIInterfaceOrientationPortrait UIInterfaceOrientationLandscapeLeft UIInterfaceOrientationLandscapeRight";
				IPHONEOS_DEPLOYMENT_TARGET = 15.0;
				LD_RUNPATH_SEARCH_PATHS = (
					"$(inherited)",
					"@executable_path/Frameworks",
				);
				MARKETING_VERSION = 1.0;
				PRODUCT_BUNDLE_IDENTIFIER = com.sharvari.SimpleCICDDemo;
				PRODUCT_NAME = "$(TARGET_NAME)";
				SUPPORTED_PLATFORMS = "iphoneos iphonesimulator";
				SUPPORTS_MACCATALYST = NO;
				SUPPORTS_MAC_DESIGNED_FOR_IPHONE_IPAD = NO;
				SUPPORTS_XR_DESIGNED_FOR_IPHONE_IPAD = NO;
				SWIFT_EMIT_LOC_STRINGS = YES;
				SWIFT_VERSION = 5.0;
				TARGETED_DEVICE_FAMILY = "1,2";
			};
			name = Debug;
		};
		2F6AEAD42A82E9BD00E0C012 /* Release */ = {
			isa = XCBuildConfiguration;
			buildSettings = {
				ASSETCATALOG_COMPILER_APPICON_NAME = AppIcon;
				ASSETCATALOG_COMPILER_GLOBAL_ACCENT_COLOR_NAME = AccentColor;
				CODE_SIGN_STYLE = Automatic;
				CURRENT_PROJECT_VERSION = 1;
				DEVELOPMENT_ASSET_PATHS = "\"SimpleCICDDemo/Preview Content\"";
				DEVELOPMENT_TEAM = H3K34LD5MZ;
				ENABLE_PREVIEWS = YES;
				GENERATE_INFOPLIST_FILE = YES;
				INFOPLIST_KEY_UIApplicationSceneManifest_Generation = YES;
				INFOPLIST_KEY_UIApplicationSupportsIndirectInputEvents = YES;
				INFOPLIST_KEY_UILaunchScreen_Generation = YES;
				INFOPLIST_KEY_UISupportedInterfaceOrientations_iPad = "UIInterfaceOrientationPortrait UIInterfaceOrientationPortraitUpsideDown UIInterfaceOrientationLandscapeLeft UIInterfaceOrientationLandscapeRight";
				INFOPLIST_KEY_UISupportedInterfaceOrientations_iPhone = "UIInterfaceOrientationPortrait UIInterfaceOrientationLandscapeLeft UIInterfaceOrientationLandscapeRight";
				IPHONEOS_DEPLOYMENT_TARGET = 15.0;
				LD_RUNPATH_SEARCH_PATHS = (
					"$(inherited)",
					"@executable_path/Frameworks",
				);
				MARKETING_VERSION = 1.0;
				PRODUCT_BUNDLE_IDENTIFIER = com.sharvari.SimpleCICDDemo;
				PRODUCT_NAME = "$(TARGET_NAME)";
				SUPPORTED_PLATFORMS = "iphoneos iphonesimulator";
				SUPPORTS_MACCATALYST = NO;
				SUPPORTS_MAC_DESIGNED_FOR_IPHONE_IPAD = NO;
				SUPPORTS_XR_DESIGNED_FOR_IPHONE_IPAD = NO;
				SWIFT_EMIT_LOC_STRINGS = YES;
				SWIFT_VERSION = 5.0;
				TARGETED_DEVICE_FAMILY = "1,2";
			};
			name = Release;
		};
		2F6AEAD62A82E9BD00E0C012 /* Debug */ = {
			isa = XCBuildConfiguration;
			buildSettings = {
				ALWAYS_EMBED_SWIFT_STANDARD_LIBRARIES = YES;
				BUNDLE_LOADER = "$(TEST_HOST)";
				CODE_SIGN_STYLE = Automatic;
				CURRENT_PROJECT_VERSION = 1;
				DEVELOPMENT_TEAM = H3K34LD5MZ;
				GENERATE_INFOPLIST_FILE = YES;
				IPHONEOS_DEPLOYMENT_TARGET = 17.0;
				MARKETING_VERSION = 1.0;
				PRODUCT_BUNDLE_IDENTIFIER = com.sharvari.SimpleCICDDemoTests;
				PRODUCT_NAME = "$(TARGET_NAME)";
				SWIFT_EMIT_LOC_STRINGS = NO;
				SWIFT_VERSION = 5.0;
				TARGETED_DEVICE_FAMILY = "1,2";
				TEST_HOST = "$(BUILT_PRODUCTS_DIR)/SimpleCICDDemo.app/$(BUNDLE_EXECUTABLE_FOLDER_PATH)/SimpleCICDDemo";
			};
			name = Debug;
		};
		2F6AEAD72A82E9BD00E0C012 /* Release */ = {
			isa = XCBuildConfiguration;
			buildSettings = {
				ALWAYS_EMBED_SWIFT_STANDARD_LIBRARIES = YES;
				BUNDLE_LOADER = "$(TEST_HOST)";
				CODE_SIGN_STYLE = Automatic;
				CURRENT_PROJECT_VERSION = 1;
				DEVELOPMENT_TEAM = H3K34LD5MZ;
				GENERATE_INFOPLIST_FILE = YES;
				IPHONEOS_DEPLOYMENT_TARGET = 17.0;
				MARKETING_VERSION = 1.0;
				PRODUCT_BUNDLE_IDENTIFIER = com.sharvari.SimpleCICDDemoTests;
				PRODUCT_NAME = "$(TARGET_NAME)";
				SWIFT_EMIT_LOC_STRINGS = NO;
				SWIFT_VERSION = 5.0;
				TARGETED_DEVICE_FAMILY = "1,2";
				TEST_HOST = "$(BUILT_PRODUCTS_DIR)/SimpleCICDDemo.app/$(BUNDLE_EXECUTABLE_FOLDER_PATH)/SimpleCICDDemo";
			};
			name = Release;
		};
		2F6AEAD92A82E9BD00E0C012 /* Debug */ = {
			isa = XCBuildConfiguration;
			buildSettings = {
				ALWAYS_EMBED_SWIFT_STANDARD_LIBRARIES = YES;
				CODE_SIGN_STYLE = Automatic;
				CURRENT_PROJECT_VERSION = 1;
				DEVELOPMENT_TEAM = H3K34LD5MZ;
				GENERATE_INFOPLIST_FILE = YES;
				MARKETING_VERSION = 1.0;
				PRODUCT_BUNDLE_IDENTIFIER = com.sharvari.SimpleCICDDemoUITests;
				PRODUCT_NAME = "$(TARGET_NAME)";
				SWIFT_EMIT_LOC_STRINGS = NO;
				SWIFT_VERSION = 5.0;
				TARGETED_DEVICE_FAMILY = "1,2";
				TEST_TARGET_NAME = SimpleCICDDemo;
			};
			name = Debug;
		};
		2F6AEADA2A82E9BD00E0C012 /* Release */ = {
			isa = XCBuildConfiguration;
			buildSettings = {
				ALWAYS_EMBED_SWIFT_STANDARD_LIBRARIES = YES;
				CODE_SIGN_STYLE = Automatic;
				CURRENT_PROJECT_VERSION = 1;
				DEVELOPMENT_TEAM = H3K34LD5MZ;
				GENERATE_INFOPLIST_FILE = YES;
				MARKETING_VERSION = 1.0;
				PRODUCT_BUNDLE_IDENTIFIER = com.sharvari.SimpleCICDDemoUITests;
				PRODUCT_NAME = "$(TARGET_NAME)";
				SWIFT_EMIT_LOC_STRINGS = NO;
				SWIFT_VERSION = 5.0;
				TARGETED_DEVICE_FAMILY = "1,2";
				TEST_TARGET_NAME = SimpleCICDDemo;
			};
			name = Release;
		};
/* End XCBuildConfiguration section */

/* Begin XCConfigurationList section */
		2F6AEAA92A82E9BA00E0C012 /* Build configuration list for PBXProject "SimpleCICDDemo" */ = {
			isa = XCConfigurationList;
			buildConfigurations = (
				2F6AEAD02A82E9BD00E0C012 /* Debug */,
				2F6AEAD12A82E9BD00E0C012 /* Release */,
			);
			defaultConfigurationIsVisible = 0;
			defaultConfigurationName = Release;
		};
		2F6AEAD22A82E9BD00E0C012 /* Build configuration list for PBXNativeTarget "SimpleCICDDemo" */ = {
			isa = XCConfigurationList;
			buildConfigurations = (
				2F6AEAD32A82E9BD00E0C012 /* Debug */,
				2F6AEAD42A82E9BD00E0C012 /* Release */,
			);
			defaultConfigurationIsVisible = 0;
			defaultConfigurationName = Release;
		};
		2F6AEAD52A82E9BD00E0C012 /* Build configuration list for PBXNativeTarget "SimpleCICDDemoTests" */ = {
			isa = XCConfigurationList;
			buildConfigurations = (
				2F6AEAD62A82E9BD00E0C012 /* Debug */,
				2F6AEAD72A82E9BD00E0C012 /* Release */,
			);
			defaultConfigurationIsVisible = 0;
			defaultConfigurationName = Release;
		};
		2F6AEAD82A82E9BD00E0C012 /* Build configuration list for PBXNativeTarget "SimpleCICDDemoUITests" */ = {
			isa = XCConfigurationList;
			buildConfigurations = (
				2F6AEAD92A82E9BD00E0C012 /* Debug */,
				2F6AEADA2A82E9BD00E0C012 /* Release */,
			);
			defaultConfigurationIsVisible = 0;
			defaultConfigurationName = Release;
		};
/* End XCConfigurationList section */
	};
	rootObject = 2F6AEAA62A82E9BA00E0C012 /* Project object */;
}
